
Microsoft Visual Studio Solution File, Format Version 12.00
# Visual Studio Version 17
VisualStudioVersion = 17.0.32014.148
MinimumVisualStudioVersion = 10.0.40219.1
Project("{FAE04EC0-301F-11D3-BF4B-00C04F79EFBC}") = "MindChat.Server", "Server\MindChat.Server.csproj", "{28D74E17-EC21-45E8-BF15-6FA52E1D01D2}"
EndProject
Project("{FAE04EC0-301F-11D3-BF4B-00C04F79EFBC}") = "MindChat.Client", "Client\MindChat.Client.csproj", "{CCB2F843-6B83-4C09-AE4A-F59E480A4E08}"
EndProject
Project("{FAE04EC0-301F-11D3-BF4B-00C04F79EFBC}") = "MindChat.Shared", "Shared\MindChat.Shared.csproj", "{AE44F2E1-E48D-489F-9E25-B565071218BA}"
EndProject
Global
	GlobalSection(SolutionConfigurationPlatforms) = preSolution
		Debug|Any CPU = Debug|Any CPU
		Release|Any CPU = Release|Any CPU
	EndGlobalSection
	GlobalSection(ProjectConfigurationPlatforms) = postSolution
		{28D74E17-EC21-45E8-BF15-6FA52E1D01D2}.Debug|Any CPU.ActiveCfg = Debug|Any CPU
		{28D74E17-EC21-45E8-BF15-6FA52E1D01D2}.Debug|Any CPU.Build.0 = Debug|Any CPU
		{28D74E17-EC21-45E8-BF15-6FA52E1D01D2}.Release|Any CPU.ActiveCfg = Release|Any CPU
		{28D74E17-EC21-45E8-BF15-6FA52E1D01D2}.Release|Any CPU.Build.0 = Release|Any CPU
		{CCB2F843-6B83-4C09-AE4A-F59E480A4E08}.Debug|Any CPU.ActiveCfg = Debug|Any CPU
		{CCB2F843-6B83-4C09-AE4A-F59E480A4E08}.Debug|Any CPU.Build.0 = Debug|Any CPU
		{CCB2F843-6B83-4C09-AE4A-F59E480A4E08}.Release|Any CPU.ActiveCfg = Release|Any CPU
		{CCB2F843-6B83-4C09-AE4A-F59E480A4E08}.Release|Any CPU.Build.0 = Release|Any CPU
		{AE44F2E1-E48D-489F-9E25-B565071218BA}.Debug|Any CPU.ActiveCfg = Debug|Any CPU
		{AE44F2E1-E48D-489F-9E25-B565071218BA}.Debug|Any CPU.Build.0 = Debug|Any CPU
		{AE44F2E1-E48D-489F-9E25-B565071218BA}.Release|Any CPU.ActiveCfg = Release|Any CPU
		{AE44F2E1-E48D-489F-9E25-B565071218BA}.Release|Any CPU.Build.0 = Release|Any CPU
	EndGlobalSection
	GlobalSection(SolutionProperties) = preSolution
		HideSolutionNode = FALSE
	EndGlobalSection
	GlobalSection(ExtensibilityGlobals) = postSolution
		SolutionGuid = {D2596D4F-FB74-4F67-9744-0CA90864B3EB}
	EndGlobalSection
EndGlobal
